
Microsoft Visual Studio Solution File, Format Version 12.00
# Visual Studio Version 16
VisualStudioVersion = 16.0.31410.357
MinimumVisualStudioVersion = 10.0.40219.1
Project("{FAE04EC0-301F-11D3-BF4B-00C04F79EFBC}") = "first_prg", "first_prg\first_prg.csproj", "{725F03D7-A5D3-4A05-A375-2600C7FFA4D3}"
EndProject
Project("{FAE04EC0-301F-11D3-BF4B-00C04F79EFBC}") = "DataTypes", "DataTypes\DataTypes.csproj", "{1CB404E3-047F-4080-94CB-A000B12B42E0}"
EndProject
Project("{FAE04EC0-301F-11D3-BF4B-00C04F79EFBC}") = "ValueType", "ValueType\ValueType.csproj", "{E8BC8A59-8C75-45D3-8986-1791A8CD221B}"
EndProject
Project("{FAE04EC0-301F-11D3-BF4B-00C04F79EFBC}") = "ReferenceType", "ReferenceType\ReferenceType.csproj", "{B5075613-3A2A-42CA-B235-86508C9BDE25}"
EndProject
Project("{FAE04EC0-301F-11D3-BF4B-00C04F79EFBC}") = "NumberFormat", "NumberFormat\NumberFormat.csproj", "{ABD4EC64-1A31-41D6-A192-827ECBA66CE7}"
EndProject
Project("{FAE04EC0-301F-11D3-BF4B-00C04F79EFBC}") = "DateTimeFormat", "DateTimeFormat\DateTimeFormat.csproj", "{C634A755-81A8-49DE-81A2-A110BCDC3A11}"
EndProject
Project("{FAE04EC0-301F-11D3-BF4B-00C04F79EFBC}") = "ImplicitilyTypedLocal", "ImplicitilyTypedLocal\ImplicitilyTypedLocal.csproj", "{64A724BA-5FDF-48BE-B6FE-3478B18A3A53}"
EndProject
Project("{FAE04EC0-301F-11D3-BF4B-00C04F79EFBC}") = "AnonTypes", "AnonTypes\AnonTypes.csproj", "{10AA4896-ABDC-4B71-B899-699BCA7FF8D9}"
EndProject
Global
	GlobalSection(SolutionConfigurationPlatforms) = preSolution
		Debug|Any CPU = Debug|Any CPU
		Release|Any CPU = Release|Any CPU
	EndGlobalSection
	GlobalSection(ProjectConfigurationPlatforms) = postSolution
		{725F03D7-A5D3-4A05-A375-2600C7FFA4D3}.Debug|Any CPU.ActiveCfg = Debug|Any CPU
		{725F03D7-A5D3-4A05-A375-2600C7FFA4D3}.Debug|Any CPU.Build.0 = Debug|Any CPU
		{725F03D7-A5D3-4A05-A375-2600C7FFA4D3}.Release|Any CPU.ActiveCfg = Release|Any CPU
		{725F03D7-A5D3-4A05-A375-2600C7FFA4D3}.Release|Any CPU.Build.0 = Release|Any CPU
		{1CB404E3-047F-4080-94CB-A000B12B42E0}.Debug|Any CPU.ActiveCfg = Debug|Any CPU
		{1CB404E3-047F-4080-94CB-A000B12B42E0}.Debug|Any CPU.Build.0 = Debug|Any CPU
		{1CB404E3-047F-4080-94CB-A000B12B42E0}.Release|Any CPU.ActiveCfg = Release|Any CPU
		{1CB404E3-047F-4080-94CB-A000B12B42E0}.Release|Any CPU.Build.0 = Release|Any CPU
		{E8BC8A59-8C75-45D3-8986-1791A8CD221B}.Debug|Any CPU.ActiveCfg = Debug|Any CPU
		{E8BC8A59-8C75-45D3-8986-1791A8CD221B}.Debug|Any CPU.Build.0 = Debug|Any CPU
		{E8BC8A59-8C75-45D3-8986-1791A8CD221B}.Release|Any CPU.ActiveCfg = Release|Any CPU
		{E8BC8A59-8C75-45D3-8986-1791A8CD221B}.Release|Any CPU.Build.0 = Release|Any CPU
		{B5075613-3A2A-42CA-B235-86508C9BDE25}.Debug|Any CPU.ActiveCfg = Debug|Any CPU
		{B5075613-3A2A-42CA-B235-86508C9BDE25}.Debug|Any CPU.Build.0 = Debug|Any CPU
		{B5075613-3A2A-42CA-B235-86508C9BDE25}.Release|Any CPU.ActiveCfg = Release|Any CPU
		{B5075613-3A2A-42CA-B235-86508C9BDE25}.Release|Any CPU.Build.0 = Release|Any CPU
		{ABD4EC64-1A31-41D6-A192-827ECBA66CE7}.Debug|Any CPU.ActiveCfg = Debug|Any CPU
		{ABD4EC64-1A31-41D6-A192-827ECBA66CE7}.Debug|Any CPU.Build.0 = Debug|Any CPU
		{ABD4EC64-1A31-41D6-A192-827ECBA66CE7}.Release|Any CPU.ActiveCfg = Release|Any CPU
		{ABD4EC64-1A31-41D6-A192-827ECBA66CE7}.Release|Any CPU.Build.0 = Release|Any CPU
		{C634A755-81A8-49DE-81A2-A110BCDC3A11}.Debug|Any CPU.ActiveCfg = Debug|Any CPU
		{C634A755-81A8-49DE-81A2-A110BCDC3A11}.Debug|Any CPU.Build.0 = Debug|Any CPU
		{C634A755-81A8-49DE-81A2-A110BCDC3A11}.Release|Any CPU.ActiveCfg = Release|Any CPU
		{C634A755-81A8-49DE-81A2-A110BCDC3A11}.Release|Any CPU.Build.0 = Release|Any CPU
		{64A724BA-5FDF-48BE-B6FE-3478B18A3A53}.Debug|Any CPU.ActiveCfg = Debug|Any CPU
		{64A724BA-5FDF-48BE-B6FE-3478B18A3A53}.Debug|Any CPU.Build.0 = Debug|Any CPU
		{64A724BA-5FDF-48BE-B6FE-3478B18A3A53}.Release|Any CPU.ActiveCfg = Release|Any CPU
		{64A724BA-5FDF-48BE-B6FE-3478B18A3A53}.Release|Any CPU.Build.0 = Release|Any CPU
		{10AA4896-ABDC-4B71-B899-699BCA7FF8D9}.Debug|Any CPU.ActiveCfg = Debug|Any CPU
		{10AA4896-ABDC-4B71-B899-699BCA7FF8D9}.Debug|Any CPU.Build.0 = Debug|Any CPU
		{10AA4896-ABDC-4B71-B899-699BCA7FF8D9}.Release|Any CPU.ActiveCfg = Release|Any CPU
		{10AA4896-ABDC-4B71-B899-699BCA7FF8D9}.Release|Any CPU.Build.0 = Release|Any CPU
	EndGlobalSection
	GlobalSection(SolutionProperties) = preSolution
		HideSolutionNode = FALSE
	EndGlobalSection
	GlobalSection(ExtensibilityGlobals) = postSolution
		SolutionGuid = {FD336681-81B5-4C34-A473-DBAD54CBD945}
	EndGlobalSection
EndGlobal
